
Microsoft Visual Studio Solution File, Format Version 12.00
# Visual Studio 15
VisualStudioVersion = 15.0.27703.2035
MinimumVisualStudioVersion = 10.0.40219.1
Project("{FAE04EC0-301F-11D3-BF4B-00C04F79EFBC}") = "Decorator", "Decorator\Decorator.csproj", "{70071F59-DE57-491C-B3C8-A45C6A52089A}"
EndProject
Global
	GlobalSection(SolutionConfigurationPlatforms) = preSolution
		Debug|Any CPU = Debug|Any CPU
		Release|Any CPU = Release|Any CPU
	EndGlobalSection
	GlobalSection(ProjectConfigurationPlatforms) = postSolution
		{70071F59-DE57-491C-B3C8-A45C6A52089A}.Debug|Any CPU.ActiveCfg = Debug|Any CPU
		{70071F59-DE57-491C-B3C8-A45C6A52089A}.Debug|Any CPU.Build.0 = Debug|Any CPU
		{70071F59-DE57-491C-B3C8-A45C6A52089A}.Release|Any CPU.ActiveCfg = Release|Any CPU
		{70071F59-DE57-491C-B3C8-A45C6A52089A}.Release|Any CPU.Build.0 = Release|Any CPU
	EndGlobalSection
	GlobalSection(SolutionProperties) = preSolution
		HideSolutionNode = FALSE
	EndGlobalSection
	GlobalSection(ExtensibilityGlobals) = postSolution
		SolutionGuid = {C845FB7C-6D41-4C07-94C1-EBACD825CBEF}
	EndGlobalSection
EndGlobal
