
Microsoft Visual Studio Solution File, Format Version 12.00
# Visual Studio 15
VisualStudioVersion = 15.0.27703.2035
MinimumVisualStudioVersion = 10.0.40219.1
Project("{FAE04EC0-301F-11D3-BF4B-00C04F79EFBC}") = "WebApplication15", "WebApplication15\WebApplication15.csproj", "{CBFD8177-C46E-4C67-9B17-E1F180F3F92B}"
EndProject
Global
	GlobalSection(SolutionConfigurationPlatforms) = preSolution
		Debug|Any CPU = Debug|Any CPU
		Release|Any CPU = Release|Any CPU
	EndGlobalSection
	GlobalSection(ProjectConfigurationPlatforms) = postSolution
		{CBFD8177-C46E-4C67-9B17-E1F180F3F92B}.Debug|Any CPU.ActiveCfg = Debug|Any CPU
		{CBFD8177-C46E-4C67-9B17-E1F180F3F92B}.Debug|Any CPU.Build.0 = Debug|Any CPU
		{CBFD8177-C46E-4C67-9B17-E1F180F3F92B}.Release|Any CPU.ActiveCfg = Release|Any CPU
		{CBFD8177-C46E-4C67-9B17-E1F180F3F92B}.Release|Any CPU.Build.0 = Release|Any CPU
	EndGlobalSection
	GlobalSection(SolutionProperties) = preSolution
		HideSolutionNode = FALSE
	EndGlobalSection
	GlobalSection(ExtensibilityGlobals) = postSolution
		SolutionGuid = {A5D25CD8-C221-423B-9AEF-9CF2ED490E47}
	EndGlobalSection
EndGlobal
