
Microsoft Visual Studio Solution File, Format Version 12.00
# Visual Studio 15
VisualStudioVersion = 15.0.27703.2035
MinimumVisualStudioVersion = 10.0.40219.1
Project("{FAE04EC0-301F-11D3-BF4B-00C04F79EFBC}") = "ClassLibrary1", "ClassLibrary1\ClassLibrary1.csproj", "{8B7632E2-7334-4C25-A4B2-857302AADCFA}"
EndProject
Global
	GlobalSection(SolutionConfigurationPlatforms) = preSolution
		Debug|Any CPU = Debug|Any CPU
		Release|Any CPU = Release|Any CPU
	EndGlobalSection
	GlobalSection(ProjectConfigurationPlatforms) = postSolution
		{8B7632E2-7334-4C25-A4B2-857302AADCFA}.Debug|Any CPU.ActiveCfg = Debug|Any CPU
		{8B7632E2-7334-4C25-A4B2-857302AADCFA}.Debug|Any CPU.Build.0 = Debug|Any CPU
		{8B7632E2-7334-4C25-A4B2-857302AADCFA}.Release|Any CPU.ActiveCfg = Release|Any CPU
		{8B7632E2-7334-4C25-A4B2-857302AADCFA}.Release|Any CPU.Build.0 = Release|Any CPU
	EndGlobalSection
	GlobalSection(SolutionProperties) = preSolution
		HideSolutionNode = FALSE
	EndGlobalSection
	GlobalSection(ExtensibilityGlobals) = postSolution
		SolutionGuid = {EA45019E-C7AE-42AE-82D0-25CF4A21C371}
	EndGlobalSection
EndGlobal
