
Microsoft Visual Studio Solution File, Format Version 12.00
# Visual Studio 15
VisualStudioVersion = 15.0.27703.2035
MinimumVisualStudioVersion = 10.0.40219.1
Project("{FAE04EC0-301F-11D3-BF4B-00C04F79EFBC}") = "EShop", "EShop\EShop.csproj", "{EA9427F9-353C-49A8-AEA9-9BDF34A26503}"
EndProject
Project("{FAE04EC0-301F-11D3-BF4B-00C04F79EFBC}") = "Test", "Test\Test.csproj", "{8E27018F-88A1-47C0-9BC0-92D3A8CD8762}"
EndProject
Project("{FAE04EC0-301F-11D3-BF4B-00C04F79EFBC}") = "LinQ", "LinQ\LinQ.csproj", "{0E46E00C-A46D-41CD-8BCE-2BB79792CDDA}"
EndProject
Global
	GlobalSection(SolutionConfigurationPlatforms) = preSolution
		Debug|Any CPU = Debug|Any CPU
		Release|Any CPU = Release|Any CPU
	EndGlobalSection
	GlobalSection(ProjectConfigurationPlatforms) = postSolution
		{EA9427F9-353C-49A8-AEA9-9BDF34A26503}.Debug|Any CPU.ActiveCfg = Debug|Any CPU
		{EA9427F9-353C-49A8-AEA9-9BDF34A26503}.Debug|Any CPU.Build.0 = Debug|Any CPU
		{EA9427F9-353C-49A8-AEA9-9BDF34A26503}.Release|Any CPU.ActiveCfg = Release|Any CPU
		{EA9427F9-353C-49A8-AEA9-9BDF34A26503}.Release|Any CPU.Build.0 = Release|Any CPU
		{8E27018F-88A1-47C0-9BC0-92D3A8CD8762}.Debug|Any CPU.ActiveCfg = Debug|Any CPU
		{8E27018F-88A1-47C0-9BC0-92D3A8CD8762}.Debug|Any CPU.Build.0 = Debug|Any CPU
		{8E27018F-88A1-47C0-9BC0-92D3A8CD8762}.Release|Any CPU.ActiveCfg = Release|Any CPU
		{8E27018F-88A1-47C0-9BC0-92D3A8CD8762}.Release|Any CPU.Build.0 = Release|Any CPU
		{0E46E00C-A46D-41CD-8BCE-2BB79792CDDA}.Debug|Any CPU.ActiveCfg = Debug|Any CPU
		{0E46E00C-A46D-41CD-8BCE-2BB79792CDDA}.Debug|Any CPU.Build.0 = Debug|Any CPU
		{0E46E00C-A46D-41CD-8BCE-2BB79792CDDA}.Release|Any CPU.ActiveCfg = Release|Any CPU
		{0E46E00C-A46D-41CD-8BCE-2BB79792CDDA}.Release|Any CPU.Build.0 = Release|Any CPU
	EndGlobalSection
	GlobalSection(SolutionProperties) = preSolution
		HideSolutionNode = FALSE
	EndGlobalSection
	GlobalSection(ExtensibilityGlobals) = postSolution
		SolutionGuid = {EE44E3FB-CF1A-4FC9-91E4-0975D6AF71BC}
	EndGlobalSection
EndGlobal
