
Microsoft Visual Studio Solution File, Format Version 12.00
# Visual Studio 15
VisualStudioVersion = 15.0.27703.2026
MinimumVisualStudioVersion = 10.0.40219.1
Project("{FAE04EC0-301F-11D3-BF4B-00C04F79EFBC}") = "Tobi-Apple", "EShop\Tobi-Apple.csproj", "{EA9427F9-353C-49A8-AEA9-9BDF34A26503}"
EndProject
Global
	GlobalSection(SolutionConfigurationPlatforms) = preSolution
		Debug|Any CPU = Debug|Any CPU
		Release|Any CPU = Release|Any CPU
	EndGlobalSection
	GlobalSection(ProjectConfigurationPlatforms) = postSolution
		{EA9427F9-353C-49A8-AEA9-9BDF34A26503}.Debug|Any CPU.ActiveCfg = Debug|Any CPU
		{EA9427F9-353C-49A8-AEA9-9BDF34A26503}.Debug|Any CPU.Build.0 = Debug|Any CPU
		{EA9427F9-353C-49A8-AEA9-9BDF34A26503}.Release|Any CPU.ActiveCfg = Release|Any CPU
		{EA9427F9-353C-49A8-AEA9-9BDF34A26503}.Release|Any CPU.Build.0 = Release|Any CPU
	EndGlobalSection
	GlobalSection(SolutionProperties) = preSolution
		HideSolutionNode = FALSE
	EndGlobalSection
	GlobalSection(ExtensibilityGlobals) = postSolution
		SolutionGuid = {35F4938A-DC87-453C-BAC2-A23AFF19BCB1}
	EndGlobalSection
EndGlobal
