
Microsoft Visual Studio Solution File, Format Version 12.00
# Visual Studio 15
VisualStudioVersion = 15.0.27703.2035
MinimumVisualStudioVersion = 10.0.40219.1
Project("{FAE04EC0-301F-11D3-BF4B-00C04F79EFBC}") = "DungA678", "DungA678\DungA678.csproj", "{1FC5D630-CCFC-45FF-B1B8-18F347795E3B}"
EndProject
Global
	GlobalSection(SolutionConfigurationPlatforms) = preSolution
		Debug|Any CPU = Debug|Any CPU
		Release|Any CPU = Release|Any CPU
	EndGlobalSection
	GlobalSection(ProjectConfigurationPlatforms) = postSolution
		{1FC5D630-CCFC-45FF-B1B8-18F347795E3B}.Debug|Any CPU.ActiveCfg = Debug|Any CPU
		{1FC5D630-CCFC-45FF-B1B8-18F347795E3B}.Debug|Any CPU.Build.0 = Debug|Any CPU
		{1FC5D630-CCFC-45FF-B1B8-18F347795E3B}.Release|Any CPU.ActiveCfg = Release|Any CPU
		{1FC5D630-CCFC-45FF-B1B8-18F347795E3B}.Release|Any CPU.Build.0 = Release|Any CPU
	EndGlobalSection
	GlobalSection(SolutionProperties) = preSolution
		HideSolutionNode = FALSE
	EndGlobalSection
	GlobalSection(ExtensibilityGlobals) = postSolution
		SolutionGuid = {187F1897-FC4B-461D-A39F-9AB31885A509}
	EndGlobalSection
EndGlobal
